
Microsoft Visual Studio Solution File, Format Version 12.00
# Visual Studio Version 16
VisualStudioVersion = 16.0.30717.126
MinimumVisualStudioVersion = 10.0.40219.1
Project("{FAE04EC0-301F-11D3-BF4B-00C04F79EFBC}") = "1", "1\1.csproj", "{01D80A89-3B94-45FA-B730-965936885234}"
EndProject
Project("{FAE04EC0-301F-11D3-BF4B-00C04F79EFBC}") = "2", "2\2.csproj", "{ADEAD218-283B-44A6-A25E-ADE35B8F6ECF}"
EndProject
Project("{FAE04EC0-301F-11D3-BF4B-00C04F79EFBC}") = "3", "3\3.csproj", "{460EFF80-304B-46F5-8845-583AAE381FF4}"
EndProject
Project("{FAE04EC0-301F-11D3-BF4B-00C04F79EFBC}") = "4", "4\4.csproj", "{49F29376-AE3E-4827-9865-216DA41F1B5B}"
EndProject
Project("{FAE04EC0-301F-11D3-BF4B-00C04F79EFBC}") = "5", "5\5.csproj", "{275C2DED-744D-4FDC-AEBA-F40344D0F198}"
EndProject
Project("{FAE04EC0-301F-11D3-BF4B-00C04F79EFBC}") = "6", "6\6.csproj", "{E49A6DB3-B3A1-4336-A8E0-44C64B266B00}"
EndProject
Global
	GlobalSection(SolutionConfigurationPlatforms) = preSolution
		Debug|Any CPU = Debug|Any CPU
		Release|Any CPU = Release|Any CPU
	EndGlobalSection
	GlobalSection(ProjectConfigurationPlatforms) = postSolution
		{01D80A89-3B94-45FA-B730-965936885234}.Debug|Any CPU.ActiveCfg = Debug|Any CPU
		{01D80A89-3B94-45FA-B730-965936885234}.Debug|Any CPU.Build.0 = Debug|Any CPU
		{01D80A89-3B94-45FA-B730-965936885234}.Release|Any CPU.ActiveCfg = Release|Any CPU
		{01D80A89-3B94-45FA-B730-965936885234}.Release|Any CPU.Build.0 = Release|Any CPU
		{ADEAD218-283B-44A6-A25E-ADE35B8F6ECF}.Debug|Any CPU.ActiveCfg = Debug|Any CPU
		{ADEAD218-283B-44A6-A25E-ADE35B8F6ECF}.Debug|Any CPU.Build.0 = Debug|Any CPU
		{ADEAD218-283B-44A6-A25E-ADE35B8F6ECF}.Release|Any CPU.ActiveCfg = Release|Any CPU
		{ADEAD218-283B-44A6-A25E-ADE35B8F6ECF}.Release|Any CPU.Build.0 = Release|Any CPU
		{460EFF80-304B-46F5-8845-583AAE381FF4}.Debug|Any CPU.ActiveCfg = Debug|Any CPU
		{460EFF80-304B-46F5-8845-583AAE381FF4}.Debug|Any CPU.Build.0 = Debug|Any CPU
		{460EFF80-304B-46F5-8845-583AAE381FF4}.Release|Any CPU.ActiveCfg = Release|Any CPU
		{460EFF80-304B-46F5-8845-583AAE381FF4}.Release|Any CPU.Build.0 = Release|Any CPU
		{49F29376-AE3E-4827-9865-216DA41F1B5B}.Debug|Any CPU.ActiveCfg = Debug|Any CPU
		{49F29376-AE3E-4827-9865-216DA41F1B5B}.Debug|Any CPU.Build.0 = Debug|Any CPU
		{49F29376-AE3E-4827-9865-216DA41F1B5B}.Release|Any CPU.ActiveCfg = Release|Any CPU
		{49F29376-AE3E-4827-9865-216DA41F1B5B}.Release|Any CPU.Build.0 = Release|Any CPU
		{275C2DED-744D-4FDC-AEBA-F40344D0F198}.Debug|Any CPU.ActiveCfg = Debug|Any CPU
		{275C2DED-744D-4FDC-AEBA-F40344D0F198}.Debug|Any CPU.Build.0 = Debug|Any CPU
		{275C2DED-744D-4FDC-AEBA-F40344D0F198}.Release|Any CPU.ActiveCfg = Release|Any CPU
		{275C2DED-744D-4FDC-AEBA-F40344D0F198}.Release|Any CPU.Build.0 = Release|Any CPU
		{E49A6DB3-B3A1-4336-A8E0-44C64B266B00}.Debug|Any CPU.ActiveCfg = Debug|Any CPU
		{E49A6DB3-B3A1-4336-A8E0-44C64B266B00}.Debug|Any CPU.Build.0 = Debug|Any CPU
		{E49A6DB3-B3A1-4336-A8E0-44C64B266B00}.Release|Any CPU.ActiveCfg = Release|Any CPU
		{E49A6DB3-B3A1-4336-A8E0-44C64B266B00}.Release|Any CPU.Build.0 = Release|Any CPU
	EndGlobalSection
	GlobalSection(SolutionProperties) = preSolution
		HideSolutionNode = FALSE
	EndGlobalSection
	GlobalSection(ExtensibilityGlobals) = postSolution
		SolutionGuid = {51F522BE-63D6-41A3-BC89-C31517CFF256}
	EndGlobalSection
EndGlobal
